
Microsoft Visual Studio Solution File, Format Version 12.00
# Visual Studio Version 17
VisualStudioVersion = 17.8.34408.163
MinimumVisualStudioVersion = 10.0.40219.1
Project("{FAE04EC0-301F-11D3-BF4B-00C04F79EFBC}") = "1_WindowsForm", "1_WindowsForm\1_WindowsForm.csproj", "{9F1B37ED-B6D6-450C-9559-7586EBF2D22C}"
EndProject
Global
	GlobalSection(SolutionConfigurationPlatforms) = preSolution
		Debug|Any CPU = Debug|Any CPU
		Release|Any CPU = Release|Any CPU
	EndGlobalSection
	GlobalSection(ProjectConfigurationPlatforms) = postSolution
		{9F1B37ED-B6D6-450C-9559-7586EBF2D22C}.Debug|Any CPU.ActiveCfg = Debug|Any CPU
		{9F1B37ED-B6D6-450C-9559-7586EBF2D22C}.Debug|Any CPU.Build.0 = Debug|Any CPU
		{9F1B37ED-B6D6-450C-9559-7586EBF2D22C}.Release|Any CPU.ActiveCfg = Release|Any CPU
		{9F1B37ED-B6D6-450C-9559-7586EBF2D22C}.Release|Any CPU.Build.0 = Release|Any CPU
	EndGlobalSection
	GlobalSection(SolutionProperties) = preSolution
		HideSolutionNode = FALSE
	EndGlobalSection
	GlobalSection(ExtensibilityGlobals) = postSolution
		SolutionGuid = {AAB663C9-7EC6-461E-B4D3-4E065CD84EA5}
	EndGlobalSection
EndGlobal
